
Microsoft Visual Studio Solution File, Format Version 12.00
# Visual Studio 15
VisualStudioVersion = 15.0.28307.1738
MinimumVisualStudioVersion = 10.0.40219.1
Project("{FAE04EC0-301F-11D3-BF4B-00C04F79EFBC}") = "CoreLibrary", "CoreLibrary\CoreLibrary.csproj", "{F94EC7D4-70DF-4F60-B118-A84B5EE6FCBD}"
EndProject
Global
	GlobalSection(SolutionConfigurationPlatforms) = preSolution
		Debug|Any CPU = Debug|Any CPU
		Release|Any CPU = Release|Any CPU
	EndGlobalSection
	GlobalSection(ProjectConfigurationPlatforms) = postSolution
		{F94EC7D4-70DF-4F60-B118-A84B5EE6FCBD}.Debug|Any CPU.ActiveCfg = Debug|Any CPU
		{F94EC7D4-70DF-4F60-B118-A84B5EE6FCBD}.Debug|Any CPU.Build.0 = Debug|Any CPU
		{F94EC7D4-70DF-4F60-B118-A84B5EE6FCBD}.Release|Any CPU.ActiveCfg = Release|Any CPU
		{F94EC7D4-70DF-4F60-B118-A84B5EE6FCBD}.Release|Any CPU.Build.0 = Release|Any CPU
	EndGlobalSection
	GlobalSection(SolutionProperties) = preSolution
		HideSolutionNode = FALSE
	EndGlobalSection
	GlobalSection(ExtensibilityGlobals) = postSolution
		SolutionGuid = {4ED6CC06-3989-41F3-BCE8-3A43D3D45330}
	EndGlobalSection
EndGlobal
